
Microsoft Visual Studio Solution File, Format Version 12.00
# Visual Studio Version 16
VisualStudioVersion = 16.0.29613.14
MinimumVisualStudioVersion = 10.0.40219.1
Project("{FAE04EC0-301F-11D3-BF4B-00C04F79EFBC}") = "6", "6\6.csproj", "{2C11503B-4283-49A1-ABBC-BA15FC7A2512}"
EndProject
Global
	GlobalSection(SolutionConfigurationPlatforms) = preSolution
		Debug|Any CPU = Debug|Any CPU
		Release|Any CPU = Release|Any CPU
	EndGlobalSection
	GlobalSection(ProjectConfigurationPlatforms) = postSolution
		{2C11503B-4283-49A1-ABBC-BA15FC7A2512}.Debug|Any CPU.ActiveCfg = Debug|Any CPU
		{2C11503B-4283-49A1-ABBC-BA15FC7A2512}.Debug|Any CPU.Build.0 = Debug|Any CPU
		{2C11503B-4283-49A1-ABBC-BA15FC7A2512}.Release|Any CPU.ActiveCfg = Release|Any CPU
		{2C11503B-4283-49A1-ABBC-BA15FC7A2512}.Release|Any CPU.Build.0 = Release|Any CPU
	EndGlobalSection
	GlobalSection(SolutionProperties) = preSolution
		HideSolutionNode = FALSE
	EndGlobalSection
	GlobalSection(ExtensibilityGlobals) = postSolution
		SolutionGuid = {440BBBC7-C713-4F85-8EB9-6A3D00D52629}
	EndGlobalSection
EndGlobal
