
Microsoft Visual Studio Solution File, Format Version 12.00
# Visual Studio Version 16
VisualStudioVersion = 16.0.29613.14
MinimumVisualStudioVersion = 10.0.40219.1
Project("{FAE04EC0-301F-11D3-BF4B-00C04F79EFBC}") = "NeoVim", "NeoVim\NeoVim.csproj", "{3F0B22FC-A0BB-4257-BADF-9A1960AF9E25}"
EndProject
Global
	GlobalSection(SolutionConfigurationPlatforms) = preSolution
		Debug|Any CPU = Debug|Any CPU
		Release|Any CPU = Release|Any CPU
	EndGlobalSection
	GlobalSection(ProjectConfigurationPlatforms) = postSolution
		{3F0B22FC-A0BB-4257-BADF-9A1960AF9E25}.Debug|Any CPU.ActiveCfg = Debug|Any CPU
		{3F0B22FC-A0BB-4257-BADF-9A1960AF9E25}.Debug|Any CPU.Build.0 = Debug|Any CPU
		{3F0B22FC-A0BB-4257-BADF-9A1960AF9E25}.Release|Any CPU.ActiveCfg = Release|Any CPU
		{3F0B22FC-A0BB-4257-BADF-9A1960AF9E25}.Release|Any CPU.Build.0 = Release|Any CPU
	EndGlobalSection
	GlobalSection(SolutionProperties) = preSolution
		HideSolutionNode = FALSE
	EndGlobalSection
	GlobalSection(ExtensibilityGlobals) = postSolution
		SolutionGuid = {D229D6CA-6FA4-47D8-9D96-CDA76BE4AB85}
	EndGlobalSection
EndGlobal
