
Microsoft Visual Studio Solution File, Format Version 12.00
# Visual Studio Version 16
VisualStudioVersion = 16.0.29613.14
MinimumVisualStudioVersion = 10.0.40219.1
Project("{FAE04EC0-301F-11D3-BF4B-00C04F79EFBC}") = "6", "6\6.csproj", "{DF22CF01-BA77-4612-844B-0B3C435AE82D}"
EndProject
Global
	GlobalSection(SolutionConfigurationPlatforms) = preSolution
		Debug|Any CPU = Debug|Any CPU
		Release|Any CPU = Release|Any CPU
	EndGlobalSection
	GlobalSection(ProjectConfigurationPlatforms) = postSolution
		{DF22CF01-BA77-4612-844B-0B3C435AE82D}.Debug|Any CPU.ActiveCfg = Debug|Any CPU
		{DF22CF01-BA77-4612-844B-0B3C435AE82D}.Debug|Any CPU.Build.0 = Debug|Any CPU
		{DF22CF01-BA77-4612-844B-0B3C435AE82D}.Release|Any CPU.ActiveCfg = Release|Any CPU
		{DF22CF01-BA77-4612-844B-0B3C435AE82D}.Release|Any CPU.Build.0 = Release|Any CPU
	EndGlobalSection
	GlobalSection(SolutionProperties) = preSolution
		HideSolutionNode = FALSE
	EndGlobalSection
	GlobalSection(ExtensibilityGlobals) = postSolution
		SolutionGuid = {D04AF822-46E3-4A9F-A85F-13536F1696AA}
	EndGlobalSection
EndGlobal
