
Microsoft Visual Studio Solution File, Format Version 12.00
# Visual Studio Version 16
VisualStudioVersion = 16.0.29613.14
MinimumVisualStudioVersion = 10.0.40219.1
Project("{FAE04EC0-301F-11D3-BF4B-00C04F79EFBC}") = "21", "21\21.csproj", "{BE7C25A5-5D2A-46BC-8634-28E317C0C642}"
EndProject
Global
	GlobalSection(SolutionConfigurationPlatforms) = preSolution
		Debug|Any CPU = Debug|Any CPU
		Release|Any CPU = Release|Any CPU
	EndGlobalSection
	GlobalSection(ProjectConfigurationPlatforms) = postSolution
		{BE7C25A5-5D2A-46BC-8634-28E317C0C642}.Debug|Any CPU.ActiveCfg = Debug|Any CPU
		{BE7C25A5-5D2A-46BC-8634-28E317C0C642}.Debug|Any CPU.Build.0 = Debug|Any CPU
		{BE7C25A5-5D2A-46BC-8634-28E317C0C642}.Release|Any CPU.ActiveCfg = Release|Any CPU
		{BE7C25A5-5D2A-46BC-8634-28E317C0C642}.Release|Any CPU.Build.0 = Release|Any CPU
	EndGlobalSection
	GlobalSection(SolutionProperties) = preSolution
		HideSolutionNode = FALSE
	EndGlobalSection
	GlobalSection(ExtensibilityGlobals) = postSolution
		SolutionGuid = {C630B8FC-8F85-497F-89C0-77C5CA681CB1}
	EndGlobalSection
EndGlobal
